
Microsoft Visual Studio Solution File, Format Version 12.00
# Visual Studio Version 17
VisualStudioVersion = 17.0.31903.59
MinimumVisualStudioVersion = 10.0.40219.1
Project("{FAE04EC0-301F-11D3-BF4B-00C04F79EFBC}") = "Yellow.Panda.Api", "Yellow.Panda.Api\Yellow.Panda.Api.csproj", "{607A5705-121F-4804-9D66-99ABF01D5064}"
EndProject
Project("{FAE04EC0-301F-11D3-BF4B-00C04F79EFBC}") = "Yellow.Panda.Domain", "Yellow.Panda.Domain\Yellow.Panda.Domain.csproj", "{538EA6C5-5927-4339-AD6D-A3BFF507DCCE}"
EndProject
Global
	GlobalSection(SolutionConfigurationPlatforms) = preSolution
		Debug|Any CPU = Debug|Any CPU
		Release|Any CPU = Release|Any CPU
	EndGlobalSection
	GlobalSection(SolutionProperties) = preSolution
		HideSolutionNode = FALSE
	EndGlobalSection
	GlobalSection(ProjectConfigurationPlatforms) = postSolution
		{607A5705-121F-4804-9D66-99ABF01D5064}.Debug|Any CPU.ActiveCfg = Debug|Any CPU
		{607A5705-121F-4804-9D66-99ABF01D5064}.Debug|Any CPU.Build.0 = Debug|Any CPU
		{607A5705-121F-4804-9D66-99ABF01D5064}.Release|Any CPU.ActiveCfg = Release|Any CPU
		{607A5705-121F-4804-9D66-99ABF01D5064}.Release|Any CPU.Build.0 = Release|Any CPU
		{538EA6C5-5927-4339-AD6D-A3BFF507DCCE}.Debug|Any CPU.ActiveCfg = Debug|Any CPU
		{538EA6C5-5927-4339-AD6D-A3BFF507DCCE}.Debug|Any CPU.Build.0 = Debug|Any CPU
		{538EA6C5-5927-4339-AD6D-A3BFF507DCCE}.Release|Any CPU.ActiveCfg = Release|Any CPU
		{538EA6C5-5927-4339-AD6D-A3BFF507DCCE}.Release|Any CPU.Build.0 = Release|Any CPU
	EndGlobalSection
EndGlobal
